
Microsoft Visual Studio Solution File, Format Version 12.00
# Visual Studio 14
VisualStudioVersion = 14.0.24720.0
MinimumVisualStudioVersion = 10.0.40219.1
Project("{FAE04EC0-301F-11D3-BF4B-00C04F79EFBC}") = "ullu.Droid", "ullu\ullu.Droid\ullu.Droid.csproj", "{5D9234F7-EA98-404D-B3E0-80F2EE8A6F8F}"
EndProject
Project("{FAE04EC0-301F-11D3-BF4B-00C04F79EFBC}") = "ullu.iOS", "ullu\ullu.iOS\ullu.iOS.csproj", "{0639984A-5EAB-4372-84DB-6F3BB429983C}"
EndProject
Project("{FAE04EC0-301F-11D3-BF4B-00C04F79EFBC}") = "ullu.WinPhone", "ullu\ullu.WinPhone\ullu.WinPhone.csproj", "{F2C1E97D-6B9A-41CD-BC41-14887971C6B6}"
EndProject
Project("{FAE04EC0-301F-11D3-BF4B-00C04F79EFBC}") = "ullu.UWP", "ullu\ullu.UWP\ullu.UWP.csproj", "{C49A53CC-796F-4E75-A4E0-75F248D445AF}"
EndProject
Project("{FAE04EC0-301F-11D3-BF4B-00C04F79EFBC}") = "ullu.Windows", "ullu\ullu.Windows\ullu.Windows.csproj", "{24B400B3-5D53-4332-B020-ED7AFCEC02BD}"
EndProject
Project("{FAE04EC0-301F-11D3-BF4B-00C04F79EFBC}") = "ullu", "ullu\ullu\ullu.csproj", "{6EC41F77-E270-45CC-85CD-3D60F5BCAA3A}"
EndProject
Global
	GlobalSection(SolutionConfigurationPlatforms) = preSolution
		Ad-Hoc|Any CPU = Ad-Hoc|Any CPU
		Ad-Hoc|ARM = Ad-Hoc|ARM
		Ad-Hoc|iPhone = Ad-Hoc|iPhone
		Ad-Hoc|iPhoneSimulator = Ad-Hoc|iPhoneSimulator
		Ad-Hoc|x64 = Ad-Hoc|x64
		Ad-Hoc|x86 = Ad-Hoc|x86
		AppStore|Any CPU = AppStore|Any CPU
		AppStore|ARM = AppStore|ARM
		AppStore|iPhone = AppStore|iPhone
		AppStore|iPhoneSimulator = AppStore|iPhoneSimulator
		AppStore|x64 = AppStore|x64
		AppStore|x86 = AppStore|x86
		Debug|Any CPU = Debug|Any CPU
		Debug|ARM = Debug|ARM
		Debug|iPhone = Debug|iPhone
		Debug|iPhoneSimulator = Debug|iPhoneSimulator
		Debug|x64 = Debug|x64
		Debug|x86 = Debug|x86
		Release|Any CPU = Release|Any CPU
		Release|ARM = Release|ARM
		Release|iPhone = Release|iPhone
		Release|iPhoneSimulator = Release|iPhoneSimulator
		Release|x64 = Release|x64
		Release|x86 = Release|x86
	EndGlobalSection
	GlobalSection(ProjectConfigurationPlatforms) = postSolution
		{5D9234F7-EA98-404D-B3E0-80F2EE8A6F8F}.Ad-Hoc|Any CPU.ActiveCfg = Release|Any CPU
		{5D9234F7-EA98-404D-B3E0-80F2EE8A6F8F}.Ad-Hoc|Any CPU.Build.0 = Release|Any CPU
		{5D9234F7-EA98-404D-B3E0-80F2EE8A6F8F}.Ad-Hoc|Any CPU.Deploy.0 = Release|Any CPU
		{5D9234F7-EA98-404D-B3E0-80F2EE8A6F8F}.Ad-Hoc|ARM.ActiveCfg = Release|Any CPU
		{5D9234F7-EA98-404D-B3E0-80F2EE8A6F8F}.Ad-Hoc|ARM.Build.0 = Release|Any CPU
		{5D9234F7-EA98-404D-B3E0-80F2EE8A6F8F}.Ad-Hoc|ARM.Deploy.0 = Release|Any CPU
		{5D9234F7-EA98-404D-B3E0-80F2EE8A6F8F}.Ad-Hoc|iPhone.ActiveCfg = Release|Any CPU
		{5D9234F7-EA98-404D-B3E0-80F2EE8A6F8F}.Ad-Hoc|iPhone.Build.0 = Release|Any CPU
		{5D9234F7-EA98-404D-B3E0-80F2EE8A6F8F}.Ad-Hoc|iPhone.Deploy.0 = Release|Any CPU
		{5D9234F7-EA98-404D-B3E0-80F2EE8A6F8F}.Ad-Hoc|iPhoneSimulator.ActiveCfg = Release|Any CPU
		{5D9234F7-EA98-404D-B3E0-80F2EE8A6F8F}.Ad-Hoc|iPhoneSimulator.Build.0 = Release|Any CPU
		{5D9234F7-EA98-404D-B3E0-80F2EE8A6F8F}.Ad-Hoc|iPhoneSimulator.Deploy.0 = Release|Any CPU
		{5D9234F7-EA98-404D-B3E0-80F2EE8A6F8F}.Ad-Hoc|x64.ActiveCfg = Release|Any CPU
		{5D9234F7-EA98-404D-B3E0-80F2EE8A6F8F}.Ad-Hoc|x64.Build.0 = Release|Any CPU
		{5D9234F7-EA98-404D-B3E0-80F2EE8A6F8F}.Ad-Hoc|x64.Deploy.0 = Release|Any CPU
		{5D9234F7-EA98-404D-B3E0-80F2EE8A6F8F}.Ad-Hoc|x86.ActiveCfg = Release|Any CPU
		{5D9234F7-EA98-404D-B3E0-80F2EE8A6F8F}.Ad-Hoc|x86.Build.0 = Release|Any CPU
		{5D9234F7-EA98-404D-B3E0-80F2EE8A6F8F}.Ad-Hoc|x86.Deploy.0 = Release|Any CPU
		{5D9234F7-EA98-404D-B3E0-80F2EE8A6F8F}.AppStore|Any CPU.ActiveCfg = Release|Any CPU
		{5D9234F7-EA98-404D-B3E0-80F2EE8A6F8F}.AppStore|Any CPU.Build.0 = Release|Any CPU
		{5D9234F7-EA98-404D-B3E0-80F2EE8A6F8F}.AppStore|Any CPU.Deploy.0 = Release|Any CPU
		{5D9234F7-EA98-404D-B3E0-80F2EE8A6F8F}.AppStore|ARM.ActiveCfg = Release|Any CPU
		{5D9234F7-EA98-404D-B3E0-80F2EE8A6F8F}.AppStore|ARM.Build.0 = Release|Any CPU
		{5D9234F7-EA98-404D-B3E0-80F2EE8A6F8F}.AppStore|ARM.Deploy.0 = Release|Any CPU
		{5D9234F7-EA98-404D-B3E0-80F2EE8A6F8F}.AppStore|iPhone.ActiveCfg = Release|Any CPU
		{5D9234F7-EA98-404D-B3E0-80F2EE8A6F8F}.AppStore|iPhone.Build.0 = Release|Any CPU
		{5D9234F7-EA98-404D-B3E0-80F2EE8A6F8F}.AppStore|iPhone.Deploy.0 = Release|Any CPU
		{5D9234F7-EA98-404D-B3E0-80F2EE8A6F8F}.AppStore|iPhoneSimulator.ActiveCfg = Release|Any CPU
		{5D9234F7-EA98-404D-B3E0-80F2EE8A6F8F}.AppStore|iPhoneSimulator.Build.0 = Release|Any CPU
		{5D9234F7-EA98-404D-B3E0-80F2EE8A6F8F}.AppStore|iPhoneSimulator.Deploy.0 = Release|Any CPU
		{5D9234F7-EA98-404D-B3E0-80F2EE8A6F8F}.AppStore|x64.ActiveCfg = Release|Any CPU
		{5D9234F7-EA98-404D-B3E0-80F2EE8A6F8F}.AppStore|x64.Build.0 = Release|Any CPU
		{5D9234F7-EA98-404D-B3E0-80F2EE8A6F8F}.AppStore|x64.Deploy.0 = Release|Any CPU
		{5D9234F7-EA98-404D-B3E0-80F2EE8A6F8F}.AppStore|x86.ActiveCfg = Release|Any CPU
		{5D9234F7-EA98-404D-B3E0-80F2EE8A6F8F}.AppStore|x86.Build.0 = Release|Any CPU
		{5D9234F7-EA98-404D-B3E0-80F2EE8A6F8F}.AppStore|x86.Deploy.0 = Release|Any CPU
		{5D9234F7-EA98-404D-B3E0-80F2EE8A6F8F}.Debug|Any CPU.ActiveCfg = Debug|Any CPU
		{5D9234F7-EA98-404D-B3E0-80F2EE8A6F8F}.Debug|Any CPU.Build.0 = Debug|Any CPU
		{5D9234F7-EA98-404D-B3E0-80F2EE8A6F8F}.Debug|Any CPU.Deploy.0 = Debug|Any CPU
		{5D9234F7-EA98-404D-B3E0-80F2EE8A6F8F}.Debug|ARM.ActiveCfg = Debug|Any CPU
		{5D9234F7-EA98-404D-B3E0-80F2EE8A6F8F}.Debug|ARM.Build.0 = Debug|Any CPU
		{5D9234F7-EA98-404D-B3E0-80F2EE8A6F8F}.Debug|ARM.Deploy.0 = Debug|Any CPU
		{5D9234F7-EA98-404D-B3E0-80F2EE8A6F8F}.Debug|iPhone.ActiveCfg = Debug|Any CPU
		{5D9234F7-EA98-404D-B3E0-80F2EE8A6F8F}.Debug|iPhone.Build.0 = Debug|Any CPU
		{5D9234F7-EA98-404D-B3E0-80F2EE8A6F8F}.Debug|iPhone.Deploy.0 = Debug|Any CPU
		{5D9234F7-EA98-404D-B3E0-80F2EE8A6F8F}.Debug|iPhoneSimulator.ActiveCfg = Debug|Any CPU
		{5D9234F7-EA98-404D-B3E0-80F2EE8A6F8F}.Debug|iPhoneSimulator.Build.0 = Debug|Any CPU
		{5D9234F7-EA98-404D-B3E0-80F2EE8A6F8F}.Debug|iPhoneSimulator.Deploy.0 = Debug|Any CPU
		{5D9234F7-EA98-404D-B3E0-80F2EE8A6F8F}.Debug|x64.ActiveCfg = Debug|Any CPU
		{5D9234F7-EA98-404D-B3E0-80F2EE8A6F8F}.Debug|x64.Build.0 = Debug|Any CPU
		{5D9234F7-EA98-404D-B3E0-80F2EE8A6F8F}.Debug|x64.Deploy.0 = Debug|Any CPU
		{5D9234F7-EA98-404D-B3E0-80F2EE8A6F8F}.Debug|x86.ActiveCfg = Debug|Any CPU
		{5D9234F7-EA98-404D-B3E0-80F2EE8A6F8F}.Debug|x86.Build.0 = Debug|Any CPU
		{5D9234F7-EA98-404D-B3E0-80F2EE8A6F8F}.Debug|x86.Deploy.0 = Debug|Any CPU
		{5D9234F7-EA98-404D-B3E0-80F2EE8A6F8F}.Release|Any CPU.ActiveCfg = Release|Any CPU
		{5D9234F7-EA98-404D-B3E0-80F2EE8A6F8F}.Release|Any CPU.Build.0 = Release|Any CPU
		{5D9234F7-EA98-404D-B3E0-80F2EE8A6F8F}.Release|Any CPU.Deploy.0 = Release|Any CPU
		{5D9234F7-EA98-404D-B3E0-80F2EE8A6F8F}.Release|ARM.ActiveCfg = Release|Any CPU
		{5D9234F7-EA98-404D-B3E0-80F2EE8A6F8F}.Release|ARM.Build.0 = Release|Any CPU
		{5D9234F7-EA98-404D-B3E0-80F2EE8A6F8F}.Release|ARM.Deploy.0 = Release|Any CPU
		{5D9234F7-EA98-404D-B3E0-80F2EE8A6F8F}.Release|iPhone.ActiveCfg = Release|Any CPU
		{5D9234F7-EA98-404D-B3E0-80F2EE8A6F8F}.Release|iPhone.Build.0 = Release|Any CPU
		{5D9234F7-EA98-404D-B3E0-80F2EE8A6F8F}.Release|iPhone.Deploy.0 = Release|Any CPU
		{5D9234F7-EA98-404D-B3E0-80F2EE8A6F8F}.Release|iPhoneSimulator.ActiveCfg = Release|Any CPU
		{5D9234F7-EA98-404D-B3E0-80F2EE8A6F8F}.Release|iPhoneSimulator.Build.0 = Release|Any CPU
		{5D9234F7-EA98-404D-B3E0-80F2EE8A6F8F}.Release|iPhoneSimulator.Deploy.0 = Release|Any CPU
		{5D9234F7-EA98-404D-B3E0-80F2EE8A6F8F}.Release|x64.ActiveCfg = Release|Any CPU
		{5D9234F7-EA98-404D-B3E0-80F2EE8A6F8F}.Release|x64.Build.0 = Release|Any CPU
		{5D9234F7-EA98-404D-B3E0-80F2EE8A6F8F}.Release|x64.Deploy.0 = Release|Any CPU
		{5D9234F7-EA98-404D-B3E0-80F2EE8A6F8F}.Release|x86.ActiveCfg = Release|Any CPU
		{5D9234F7-EA98-404D-B3E0-80F2EE8A6F8F}.Release|x86.Build.0 = Release|Any CPU
		{5D9234F7-EA98-404D-B3E0-80F2EE8A6F8F}.Release|x86.Deploy.0 = Release|Any CPU
		{0639984A-5EAB-4372-84DB-6F3BB429983C}.Ad-Hoc|Any CPU.ActiveCfg = Ad-Hoc|iPhone
		{0639984A-5EAB-4372-84DB-6F3BB429983C}.Ad-Hoc|ARM.ActiveCfg = Ad-Hoc|iPhone
		{0639984A-5EAB-4372-84DB-6F3BB429983C}.Ad-Hoc|iPhone.ActiveCfg = Ad-Hoc|iPhone
		{0639984A-5EAB-4372-84DB-6F3BB429983C}.Ad-Hoc|iPhone.Build.0 = Ad-Hoc|iPhone
		{0639984A-5EAB-4372-84DB-6F3BB429983C}.Ad-Hoc|iPhoneSimulator.ActiveCfg = Ad-Hoc|iPhoneSimulator
		{0639984A-5EAB-4372-84DB-6F3BB429983C}.Ad-Hoc|iPhoneSimulator.Build.0 = Ad-Hoc|iPhoneSimulator
		{0639984A-5EAB-4372-84DB-6F3BB429983C}.Ad-Hoc|x64.ActiveCfg = Ad-Hoc|iPhone
		{0639984A-5EAB-4372-84DB-6F3BB429983C}.Ad-Hoc|x86.ActiveCfg = Ad-Hoc|iPhone
		{0639984A-5EAB-4372-84DB-6F3BB429983C}.AppStore|Any CPU.ActiveCfg = AppStore|iPhone
		{0639984A-5EAB-4372-84DB-6F3BB429983C}.AppStore|ARM.ActiveCfg = AppStore|iPhone
		{0639984A-5EAB-4372-84DB-6F3BB429983C}.AppStore|iPhone.ActiveCfg = AppStore|iPhone
		{0639984A-5EAB-4372-84DB-6F3BB429983C}.AppStore|iPhone.Build.0 = AppStore|iPhone
		{0639984A-5EAB-4372-84DB-6F3BB429983C}.AppStore|iPhoneSimulator.ActiveCfg = AppStore|iPhoneSimulator
		{0639984A-5EAB-4372-84DB-6F3BB429983C}.AppStore|iPhoneSimulator.Build.0 = AppStore|iPhoneSimulator
		{0639984A-5EAB-4372-84DB-6F3BB429983C}.AppStore|x64.ActiveCfg = AppStore|iPhone
		{0639984A-5EAB-4372-84DB-6F3BB429983C}.AppStore|x86.ActiveCfg = AppStore|iPhone
		{0639984A-5EAB-4372-84DB-6F3BB429983C}.Debug|Any CPU.ActiveCfg = Debug|iPhone
		{0639984A-5EAB-4372-84DB-6F3BB429983C}.Debug|ARM.ActiveCfg = Debug|iPhone
		{0639984A-5EAB-4372-84DB-6F3BB429983C}.Debug|iPhone.ActiveCfg = Debug|iPhone
		{0639984A-5EAB-4372-84DB-6F3BB429983C}.Debug|iPhone.Build.0 = Debug|iPhone
		{0639984A-5EAB-4372-84DB-6F3BB429983C}.Debug|iPhoneSimulator.ActiveCfg = Debug|iPhoneSimulator
		{0639984A-5EAB-4372-84DB-6F3BB429983C}.Debug|iPhoneSimulator.Build.0 = Debug|iPhoneSimulator
		{0639984A-5EAB-4372-84DB-6F3BB429983C}.Debug|x64.ActiveCfg = Debug|iPhone
		{0639984A-5EAB-4372-84DB-6F3BB429983C}.Debug|x86.ActiveCfg = Debug|iPhone
		{0639984A-5EAB-4372-84DB-6F3BB429983C}.Release|Any CPU.ActiveCfg = Release|iPhone
		{0639984A-5EAB-4372-84DB-6F3BB429983C}.Release|ARM.ActiveCfg = Release|iPhone
		{0639984A-5EAB-4372-84DB-6F3BB429983C}.Release|iPhone.ActiveCfg = Release|iPhone
		{0639984A-5EAB-4372-84DB-6F3BB429983C}.Release|iPhone.Build.0 = Release|iPhone
		{0639984A-5EAB-4372-84DB-6F3BB429983C}.Release|iPhoneSimulator.ActiveCfg = Release|iPhoneSimulator
		{0639984A-5EAB-4372-84DB-6F3BB429983C}.Release|iPhoneSimulator.Build.0 = Release|iPhoneSimulator
		{0639984A-5EAB-4372-84DB-6F3BB429983C}.Release|x64.ActiveCfg = Release|iPhone
		{0639984A-5EAB-4372-84DB-6F3BB429983C}.Release|x86.ActiveCfg = Release|iPhone
		{F2C1E97D-6B9A-41CD-BC41-14887971C6B6}.Ad-Hoc|Any CPU.ActiveCfg = Release|Any CPU
		{F2C1E97D-6B9A-41CD-BC41-14887971C6B6}.Ad-Hoc|Any CPU.Build.0 = Release|Any CPU
		{F2C1E97D-6B9A-41CD-BC41-14887971C6B6}.Ad-Hoc|Any CPU.Deploy.0 = Release|Any CPU
		{F2C1E97D-6B9A-41CD-BC41-14887971C6B6}.Ad-Hoc|ARM.ActiveCfg = Release|ARM
		{F2C1E97D-6B9A-41CD-BC41-14887971C6B6}.Ad-Hoc|ARM.Build.0 = Release|ARM
		{F2C1E97D-6B9A-41CD-BC41-14887971C6B6}.Ad-Hoc|ARM.Deploy.0 = Release|ARM
		{F2C1E97D-6B9A-41CD-BC41-14887971C6B6}.Ad-Hoc|iPhone.ActiveCfg = Release|Any CPU
		{F2C1E97D-6B9A-41CD-BC41-14887971C6B6}.Ad-Hoc|iPhone.Build.0 = Release|Any CPU
		{F2C1E97D-6B9A-41CD-BC41-14887971C6B6}.Ad-Hoc|iPhone.Deploy.0 = Release|Any CPU
		{F2C1E97D-6B9A-41CD-BC41-14887971C6B6}.Ad-Hoc|iPhoneSimulator.ActiveCfg = Release|Any CPU
		{F2C1E97D-6B9A-41CD-BC41-14887971C6B6}.Ad-Hoc|iPhoneSimulator.Build.0 = Release|Any CPU
		{F2C1E97D-6B9A-41CD-BC41-14887971C6B6}.Ad-Hoc|iPhoneSimulator.Deploy.0 = Release|Any CPU
		{F2C1E97D-6B9A-41CD-BC41-14887971C6B6}.Ad-Hoc|x64.ActiveCfg = Release|Any CPU
		{F2C1E97D-6B9A-41CD-BC41-14887971C6B6}.Ad-Hoc|x64.Build.0 = Release|Any CPU
		{F2C1E97D-6B9A-41CD-BC41-14887971C6B6}.Ad-Hoc|x64.Deploy.0 = Release|Any CPU
		{F2C1E97D-6B9A-41CD-BC41-14887971C6B6}.Ad-Hoc|x86.ActiveCfg = Release|x86
		{F2C1E97D-6B9A-41CD-BC41-14887971C6B6}.Ad-Hoc|x86.Build.0 = Release|x86
		{F2C1E97D-6B9A-41CD-BC41-14887971C6B6}.Ad-Hoc|x86.Deploy.0 = Release|x86
		{F2C1E97D-6B9A-41CD-BC41-14887971C6B6}.AppStore|Any CPU.ActiveCfg = Release|Any CPU
		{F2C1E97D-6B9A-41CD-BC41-14887971C6B6}.AppStore|Any CPU.Build.0 = Release|Any CPU
		{F2C1E97D-6B9A-41CD-BC41-14887971C6B6}.AppStore|Any CPU.Deploy.0 = Release|Any CPU
		{F2C1E97D-6B9A-41CD-BC41-14887971C6B6}.AppStore|ARM.ActiveCfg = Release|ARM
		{F2C1E97D-6B9A-41CD-BC41-14887971C6B6}.AppStore|ARM.Build.0 = Release|ARM
		{F2C1E97D-6B9A-41CD-BC41-14887971C6B6}.AppStore|ARM.Deploy.0 = Release|ARM
		{F2C1E97D-6B9A-41CD-BC41-14887971C6B6}.AppStore|iPhone.ActiveCfg = Release|Any CPU
		{F2C1E97D-6B9A-41CD-BC41-14887971C6B6}.AppStore|iPhone.Build.0 = Release|Any CPU
		{F2C1E97D-6B9A-41CD-BC41-14887971C6B6}.AppStore|iPhone.Deploy.0 = Release|Any CPU
		{F2C1E97D-6B9A-41CD-BC41-14887971C6B6}.AppStore|iPhoneSimulator.ActiveCfg = Release|Any CPU
		{F2C1E97D-6B9A-41CD-BC41-14887971C6B6}.AppStore|iPhoneSimulator.Build.0 = Release|Any CPU
		{F2C1E97D-6B9A-41CD-BC41-14887971C6B6}.AppStore|iPhoneSimulator.Deploy.0 = Release|Any CPU
		{F2C1E97D-6B9A-41CD-BC41-14887971C6B6}.AppStore|x64.ActiveCfg = Release|Any CPU
		{F2C1E97D-6B9A-41CD-BC41-14887971C6B6}.AppStore|x64.Build.0 = Release|Any CPU
		{F2C1E97D-6B9A-41CD-BC41-14887971C6B6}.AppStore|x64.Deploy.0 = Release|Any CPU
		{F2C1E97D-6B9A-41CD-BC41-14887971C6B6}.AppStore|x86.ActiveCfg = Release|x86
		{F2C1E97D-6B9A-41CD-BC41-14887971C6B6}.AppStore|x86.Build.0 = Release|x86
		{F2C1E97D-6B9A-41CD-BC41-14887971C6B6}.AppStore|x86.Deploy.0 = Release|x86
		{F2C1E97D-6B9A-41CD-BC41-14887971C6B6}.Debug|Any CPU.ActiveCfg = Debug|Any CPU
		{F2C1E97D-6B9A-41CD-BC41-14887971C6B6}.Debug|Any CPU.Build.0 = Debug|Any CPU
		{F2C1E97D-6B9A-41CD-BC41-14887971C6B6}.Debug|Any CPU.Deploy.0 = Debug|Any CPU
		{F2C1E97D-6B9A-41CD-BC41-14887971C6B6}.Debug|ARM.ActiveCfg = Debug|ARM
		{F2C1E97D-6B9A-41CD-BC41-14887971C6B6}.Debug|ARM.Build.0 = Debug|ARM
		{F2C1E97D-6B9A-41CD-BC41-14887971C6B6}.Debug|ARM.Deploy.0 = Debug|ARM
		{F2C1E97D-6B9A-41CD-BC41-14887971C6B6}.Debug|iPhone.ActiveCfg = Debug|Any CPU
		{F2C1E97D-6B9A-41CD-BC41-14887971C6B6}.Debug|iPhone.Build.0 = Debug|Any CPU
		{F2C1E97D-6B9A-41CD-BC41-14887971C6B6}.Debug|iPhone.Deploy.0 = Debug|Any CPU
		{F2C1E97D-6B9A-41CD-BC41-14887971C6B6}.Debug|iPhoneSimulator.ActiveCfg = Debug|Any CPU
		{F2C1E97D-6B9A-41CD-BC41-14887971C6B6}.Debug|iPhoneSimulator.Build.0 = Debug|Any CPU
		{F2C1E97D-6B9A-41CD-BC41-14887971C6B6}.Debug|iPhoneSimulator.Deploy.0 = Debug|Any CPU
		{F2C1E97D-6B9A-41CD-BC41-14887971C6B6}.Debug|x64.ActiveCfg = Debug|Any CPU
		{F2C1E97D-6B9A-41CD-BC41-14887971C6B6}.Debug|x64.Build.0 = Debug|Any CPU
		{F2C1E97D-6B9A-41CD-BC41-14887971C6B6}.Debug|x64.Deploy.0 = Debug|Any CPU
		{F2C1E97D-6B9A-41CD-BC41-14887971C6B6}.Debug|x86.ActiveCfg = Debug|x86
		{F2C1E97D-6B9A-41CD-BC41-14887971C6B6}.Debug|x86.Build.0 = Debug|x86
		{F2C1E97D-6B9A-41CD-BC41-14887971C6B6}.Debug|x86.Deploy.0 = Debug|x86
		{F2C1E97D-6B9A-41CD-BC41-14887971C6B6}.Release|Any CPU.ActiveCfg = Release|Any CPU
		{F2C1E97D-6B9A-41CD-BC41-14887971C6B6}.Release|Any CPU.Build.0 = Release|Any CPU
		{F2C1E97D-6B9A-41CD-BC41-14887971C6B6}.Release|Any CPU.Deploy.0 = Release|Any CPU
		{F2C1E97D-6B9A-41CD-BC41-14887971C6B6}.Release|ARM.ActiveCfg = Release|ARM
		{F2C1E97D-6B9A-41CD-BC41-14887971C6B6}.Release|ARM.Build.0 = Release|ARM
		{F2C1E97D-6B9A-41CD-BC41-14887971C6B6}.Release|ARM.Deploy.0 = Release|ARM
		{F2C1E97D-6B9A-41CD-BC41-14887971C6B6}.Release|iPhone.ActiveCfg = Release|Any CPU
		{F2C1E97D-6B9A-41CD-BC41-14887971C6B6}.Release|iPhone.Build.0 = Release|Any CPU
		{F2C1E97D-6B9A-41CD-BC41-14887971C6B6}.Release|iPhone.Deploy.0 = Release|Any CPU
		{F2C1E97D-6B9A-41CD-BC41-14887971C6B6}.Release|iPhoneSimulator.ActiveCfg = Release|Any CPU
		{F2C1E97D-6B9A-41CD-BC41-14887971C6B6}.Release|iPhoneSimulator.Build.0 = Release|Any CPU
		{F2C1E97D-6B9A-41CD-BC41-14887971C6B6}.Release|iPhoneSimulator.Deploy.0 = Release|Any CPU
		{F2C1E97D-6B9A-41CD-BC41-14887971C6B6}.Release|x64.ActiveCfg = Release|Any CPU
		{F2C1E97D-6B9A-41CD-BC41-14887971C6B6}.Release|x64.Build.0 = Release|Any CPU
		{F2C1E97D-6B9A-41CD-BC41-14887971C6B6}.Release|x64.Deploy.0 = Release|Any CPU
		{F2C1E97D-6B9A-41CD-BC41-14887971C6B6}.Release|x86.ActiveCfg = Release|x86
		{F2C1E97D-6B9A-41CD-BC41-14887971C6B6}.Release|x86.Build.0 = Release|x86
		{F2C1E97D-6B9A-41CD-BC41-14887971C6B6}.Release|x86.Deploy.0 = Release|x86
		{C49A53CC-796F-4E75-A4E0-75F248D445AF}.Ad-Hoc|Any CPU.ActiveCfg = Release|x86
		{C49A53CC-796F-4E75-A4E0-75F248D445AF}.Ad-Hoc|Any CPU.Build.0 = Release|x86
		{C49A53CC-796F-4E75-A4E0-75F248D445AF}.Ad-Hoc|Any CPU.Deploy.0 = Release|x86
		{C49A53CC-796F-4E75-A4E0-75F248D445AF}.Ad-Hoc|ARM.ActiveCfg = Release|ARM
		{C49A53CC-796F-4E75-A4E0-75F248D445AF}.Ad-Hoc|ARM.Build.0 = Release|ARM
		{C49A53CC-796F-4E75-A4E0-75F248D445AF}.Ad-Hoc|ARM.Deploy.0 = Release|ARM
		{C49A53CC-796F-4E75-A4E0-75F248D445AF}.Ad-Hoc|iPhone.ActiveCfg = Release|x86
		{C49A53CC-796F-4E75-A4E0-75F248D445AF}.Ad-Hoc|iPhone.Build.0 = Release|x86
		{C49A53CC-796F-4E75-A4E0-75F248D445AF}.Ad-Hoc|iPhone.Deploy.0 = Release|x86
		{C49A53CC-796F-4E75-A4E0-75F248D445AF}.Ad-Hoc|iPhoneSimulator.ActiveCfg = Release|x86
		{C49A53CC-796F-4E75-A4E0-75F248D445AF}.Ad-Hoc|iPhoneSimulator.Build.0 = Release|x86
		{C49A53CC-796F-4E75-A4E0-75F248D445AF}.Ad-Hoc|iPhoneSimulator.Deploy.0 = Release|x86
		{C49A53CC-796F-4E75-A4E0-75F248D445AF}.Ad-Hoc|x64.ActiveCfg = Release|x64
		{C49A53CC-796F-4E75-A4E0-75F248D445AF}.Ad-Hoc|x64.Build.0 = Release|x64
		{C49A53CC-796F-4E75-A4E0-75F248D445AF}.Ad-Hoc|x64.Deploy.0 = Release|x64
		{C49A53CC-796F-4E75-A4E0-75F248D445AF}.Ad-Hoc|x86.ActiveCfg = Release|x86
		{C49A53CC-796F-4E75-A4E0-75F248D445AF}.Ad-Hoc|x86.Build.0 = Release|x86
		{C49A53CC-796F-4E75-A4E0-75F248D445AF}.Ad-Hoc|x86.Deploy.0 = Release|x86
		{C49A53CC-796F-4E75-A4E0-75F248D445AF}.AppStore|Any CPU.ActiveCfg = Release|x86
		{C49A53CC-796F-4E75-A4E0-75F248D445AF}.AppStore|Any CPU.Build.0 = Release|x86
		{C49A53CC-796F-4E75-A4E0-75F248D445AF}.AppStore|Any CPU.Deploy.0 = Release|x86
		{C49A53CC-796F-4E75-A4E0-75F248D445AF}.AppStore|ARM.ActiveCfg = Release|ARM
		{C49A53CC-796F-4E75-A4E0-75F248D445AF}.AppStore|ARM.Build.0 = Release|ARM
		{C49A53CC-796F-4E75-A4E0-75F248D445AF}.AppStore|ARM.Deploy.0 = Release|ARM
		{C49A53CC-796F-4E75-A4E0-75F248D445AF}.AppStore|iPhone.ActiveCfg = Release|x86
		{C49A53CC-796F-4E75-A4E0-75F248D445AF}.AppStore|iPhone.Build.0 = Release|x86
		{C49A53CC-796F-4E75-A4E0-75F248D445AF}.AppStore|iPhone.Deploy.0 = Release|x86
		{C49A53CC-796F-4E75-A4E0-75F248D445AF}.AppStore|iPhoneSimulator.ActiveCfg = Release|x86
		{C49A53CC-796F-4E75-A4E0-75F248D445AF}.AppStore|iPhoneSimulator.Build.0 = Release|x86
		{C49A53CC-796F-4E75-A4E0-75F248D445AF}.AppStore|iPhoneSimulator.Deploy.0 = Release|x86
		{C49A53CC-796F-4E75-A4E0-75F248D445AF}.AppStore|x64.ActiveCfg = Release|x64
		{C49A53CC-796F-4E75-A4E0-75F248D445AF}.AppStore|x64.Build.0 = Release|x64
		{C49A53CC-796F-4E75-A4E0-75F248D445AF}.AppStore|x64.Deploy.0 = Release|x64
		{C49A53CC-796F-4E75-A4E0-75F248D445AF}.AppStore|x86.ActiveCfg = Release|x86
		{C49A53CC-796F-4E75-A4E0-75F248D445AF}.AppStore|x86.Build.0 = Release|x86
		{C49A53CC-796F-4E75-A4E0-75F248D445AF}.AppStore|x86.Deploy.0 = Release|x86
		{C49A53CC-796F-4E75-A4E0-75F248D445AF}.Debug|Any CPU.ActiveCfg = Debug|x86
		{C49A53CC-796F-4E75-A4E0-75F248D445AF}.Debug|ARM.ActiveCfg = Debug|ARM
		{C49A53CC-796F-4E75-A4E0-75F248D445AF}.Debug|ARM.Build.0 = Debug|ARM
		{C49A53CC-796F-4E75-A4E0-75F248D445AF}.Debug|ARM.Deploy.0 = Debug|ARM
		{C49A53CC-796F-4E75-A4E0-75F248D445AF}.Debug|iPhone.ActiveCfg = Debug|x86
		{C49A53CC-796F-4E75-A4E0-75F248D445AF}.Debug|iPhoneSimulator.ActiveCfg = Debug|x86
		{C49A53CC-796F-4E75-A4E0-75F248D445AF}.Debug|x64.ActiveCfg = Debug|x64
		{C49A53CC-796F-4E75-A4E0-75F248D445AF}.Debug|x64.Build.0 = Debug|x64
		{C49A53CC-796F-4E75-A4E0-75F248D445AF}.Debug|x64.Deploy.0 = Debug|x64
		{C49A53CC-796F-4E75-A4E0-75F248D445AF}.Debug|x86.ActiveCfg = Debug|x86
		{C49A53CC-796F-4E75-A4E0-75F248D445AF}.Debug|x86.Build.0 = Debug|x86
		{C49A53CC-796F-4E75-A4E0-75F248D445AF}.Debug|x86.Deploy.0 = Debug|x86
		{C49A53CC-796F-4E75-A4E0-75F248D445AF}.Release|Any CPU.ActiveCfg = Release|x86
		{C49A53CC-796F-4E75-A4E0-75F248D445AF}.Release|ARM.ActiveCfg = Release|ARM
		{C49A53CC-796F-4E75-A4E0-75F248D445AF}.Release|ARM.Build.0 = Release|ARM
		{C49A53CC-796F-4E75-A4E0-75F248D445AF}.Release|ARM.Deploy.0 = Release|ARM
		{C49A53CC-796F-4E75-A4E0-75F248D445AF}.Release|iPhone.ActiveCfg = Release|x86
		{C49A53CC-796F-4E75-A4E0-75F248D445AF}.Release|iPhoneSimulator.ActiveCfg = Release|x86
		{C49A53CC-796F-4E75-A4E0-75F248D445AF}.Release|x64.ActiveCfg = Release|x64
		{C49A53CC-796F-4E75-A4E0-75F248D445AF}.Release|x64.Build.0 = Release|x64
		{C49A53CC-796F-4E75-A4E0-75F248D445AF}.Release|x64.Deploy.0 = Release|x64
		{C49A53CC-796F-4E75-A4E0-75F248D445AF}.Release|x86.ActiveCfg = Release|x86
		{C49A53CC-796F-4E75-A4E0-75F248D445AF}.Release|x86.Build.0 = Release|x86
		{C49A53CC-796F-4E75-A4E0-75F248D445AF}.Release|x86.Deploy.0 = Release|x86
		{24B400B3-5D53-4332-B020-ED7AFCEC02BD}.Ad-Hoc|Any CPU.ActiveCfg = Release|Any CPU
		{24B400B3-5D53-4332-B020-ED7AFCEC02BD}.Ad-Hoc|Any CPU.Build.0 = Release|Any CPU
		{24B400B3-5D53-4332-B020-ED7AFCEC02BD}.Ad-Hoc|Any CPU.Deploy.0 = Release|Any CPU
		{24B400B3-5D53-4332-B020-ED7AFCEC02BD}.Ad-Hoc|ARM.ActiveCfg = Release|ARM
		{24B400B3-5D53-4332-B020-ED7AFCEC02BD}.Ad-Hoc|ARM.Build.0 = Release|ARM
		{24B400B3-5D53-4332-B020-ED7AFCEC02BD}.Ad-Hoc|ARM.Deploy.0 = Release|ARM
		{24B400B3-5D53-4332-B020-ED7AFCEC02BD}.Ad-Hoc|iPhone.ActiveCfg = Release|Any CPU
		{24B400B3-5D53-4332-B020-ED7AFCEC02BD}.Ad-Hoc|iPhone.Build.0 = Release|Any CPU
		{24B400B3-5D53-4332-B020-ED7AFCEC02BD}.Ad-Hoc|iPhone.Deploy.0 = Release|Any CPU
		{24B400B3-5D53-4332-B020-ED7AFCEC02BD}.Ad-Hoc|iPhoneSimulator.ActiveCfg = Release|Any CPU
		{24B400B3-5D53-4332-B020-ED7AFCEC02BD}.Ad-Hoc|iPhoneSimulator.Build.0 = Release|Any CPU
		{24B400B3-5D53-4332-B020-ED7AFCEC02BD}.Ad-Hoc|iPhoneSimulator.Deploy.0 = Release|Any CPU
		{24B400B3-5D53-4332-B020-ED7AFCEC02BD}.Ad-Hoc|x64.ActiveCfg = Release|x64
		{24B400B3-5D53-4332-B020-ED7AFCEC02BD}.Ad-Hoc|x64.Build.0 = Release|x64
		{24B400B3-5D53-4332-B020-ED7AFCEC02BD}.Ad-Hoc|x64.Deploy.0 = Release|x64
		{24B400B3-5D53-4332-B020-ED7AFCEC02BD}.Ad-Hoc|x86.ActiveCfg = Release|x86
		{24B400B3-5D53-4332-B020-ED7AFCEC02BD}.Ad-Hoc|x86.Build.0 = Release|x86
		{24B400B3-5D53-4332-B020-ED7AFCEC02BD}.Ad-Hoc|x86.Deploy.0 = Release|x86
		{24B400B3-5D53-4332-B020-ED7AFCEC02BD}.AppStore|Any CPU.ActiveCfg = Release|Any CPU
		{24B400B3-5D53-4332-B020-ED7AFCEC02BD}.AppStore|Any CPU.Build.0 = Release|Any CPU
		{24B400B3-5D53-4332-B020-ED7AFCEC02BD}.AppStore|Any CPU.Deploy.0 = Release|Any CPU
		{24B400B3-5D53-4332-B020-ED7AFCEC02BD}.AppStore|ARM.ActiveCfg = Release|ARM
		{24B400B3-5D53-4332-B020-ED7AFCEC02BD}.AppStore|ARM.Build.0 = Release|ARM
		{24B400B3-5D53-4332-B020-ED7AFCEC02BD}.AppStore|ARM.Deploy.0 = Release|ARM
		{24B400B3-5D53-4332-B020-ED7AFCEC02BD}.AppStore|iPhone.ActiveCfg = Release|Any CPU
		{24B400B3-5D53-4332-B020-ED7AFCEC02BD}.AppStore|iPhone.Build.0 = Release|Any CPU
		{24B400B3-5D53-4332-B020-ED7AFCEC02BD}.AppStore|iPhone.Deploy.0 = Release|Any CPU
		{24B400B3-5D53-4332-B020-ED7AFCEC02BD}.AppStore|iPhoneSimulator.ActiveCfg = Release|Any CPU
		{24B400B3-5D53-4332-B020-ED7AFCEC02BD}.AppStore|iPhoneSimulator.Build.0 = Release|Any CPU
		{24B400B3-5D53-4332-B020-ED7AFCEC02BD}.AppStore|iPhoneSimulator.Deploy.0 = Release|Any CPU
		{24B400B3-5D53-4332-B020-ED7AFCEC02BD}.AppStore|x64.ActiveCfg = Release|x64
		{24B400B3-5D53-4332-B020-ED7AFCEC02BD}.AppStore|x64.Build.0 = Release|x64
		{24B400B3-5D53-4332-B020-ED7AFCEC02BD}.AppStore|x64.Deploy.0 = Release|x64
		{24B400B3-5D53-4332-B020-ED7AFCEC02BD}.AppStore|x86.ActiveCfg = Release|x86
		{24B400B3-5D53-4332-B020-ED7AFCEC02BD}.AppStore|x86.Build.0 = Release|x86
		{24B400B3-5D53-4332-B020-ED7AFCEC02BD}.AppStore|x86.Deploy.0 = Release|x86
		{24B400B3-5D53-4332-B020-ED7AFCEC02BD}.Debug|Any CPU.ActiveCfg = Debug|Any CPU
		{24B400B3-5D53-4332-B020-ED7AFCEC02BD}.Debug|Any CPU.Build.0 = Debug|Any CPU
		{24B400B3-5D53-4332-B020-ED7AFCEC02BD}.Debug|Any CPU.Deploy.0 = Debug|Any CPU
		{24B400B3-5D53-4332-B020-ED7AFCEC02BD}.Debug|ARM.ActiveCfg = Debug|ARM
		{24B400B3-5D53-4332-B020-ED7AFCEC02BD}.Debug|ARM.Build.0 = Debug|ARM
		{24B400B3-5D53-4332-B020-ED7AFCEC02BD}.Debug|ARM.Deploy.0 = Debug|ARM
		{24B400B3-5D53-4332-B020-ED7AFCEC02BD}.Debug|iPhone.ActiveCfg = Debug|Any CPU
		{24B400B3-5D53-4332-B020-ED7AFCEC02BD}.Debug|iPhone.Build.0 = Debug|Any CPU
		{24B400B3-5D53-4332-B020-ED7AFCEC02BD}.Debug|iPhone.Deploy.0 = Debug|Any CPU
		{24B400B3-5D53-4332-B020-ED7AFCEC02BD}.Debug|iPhoneSimulator.ActiveCfg = Debug|Any CPU
		{24B400B3-5D53-4332-B020-ED7AFCEC02BD}.Debug|iPhoneSimulator.Build.0 = Debug|Any CPU
		{24B400B3-5D53-4332-B020-ED7AFCEC02BD}.Debug|iPhoneSimulator.Deploy.0 = Debug|Any CPU
		{24B400B3-5D53-4332-B020-ED7AFCEC02BD}.Debug|x64.ActiveCfg = Debug|x64
		{24B400B3-5D53-4332-B020-ED7AFCEC02BD}.Debug|x64.Build.0 = Debug|x64
		{24B400B3-5D53-4332-B020-ED7AFCEC02BD}.Debug|x64.Deploy.0 = Debug|x64
		{24B400B3-5D53-4332-B020-ED7AFCEC02BD}.Debug|x86.ActiveCfg = Debug|x86
		{24B400B3-5D53-4332-B020-ED7AFCEC02BD}.Debug|x86.Build.0 = Debug|x86
		{24B400B3-5D53-4332-B020-ED7AFCEC02BD}.Debug|x86.Deploy.0 = Debug|x86
		{24B400B3-5D53-4332-B020-ED7AFCEC02BD}.Release|Any CPU.ActiveCfg = Release|Any CPU
		{24B400B3-5D53-4332-B020-ED7AFCEC02BD}.Release|Any CPU.Build.0 = Release|Any CPU
		{24B400B3-5D53-4332-B020-ED7AFCEC02BD}.Release|Any CPU.Deploy.0 = Release|Any CPU
		{24B400B3-5D53-4332-B020-ED7AFCEC02BD}.Release|ARM.ActiveCfg = Release|ARM
		{24B400B3-5D53-4332-B020-ED7AFCEC02BD}.Release|ARM.Build.0 = Release|ARM
		{24B400B3-5D53-4332-B020-ED7AFCEC02BD}.Release|ARM.Deploy.0 = Release|ARM
		{24B400B3-5D53-4332-B020-ED7AFCEC02BD}.Release|iPhone.ActiveCfg = Release|Any CPU
		{24B400B3-5D53-4332-B020-ED7AFCEC02BD}.Release|iPhone.Build.0 = Release|Any CPU
		{24B400B3-5D53-4332-B020-ED7AFCEC02BD}.Release|iPhone.Deploy.0 = Release|Any CPU
		{24B400B3-5D53-4332-B020-ED7AFCEC02BD}.Release|iPhoneSimulator.ActiveCfg = Release|Any CPU
		{24B400B3-5D53-4332-B020-ED7AFCEC02BD}.Release|iPhoneSimulator.Build.0 = Release|Any CPU
		{24B400B3-5D53-4332-B020-ED7AFCEC02BD}.Release|iPhoneSimulator.Deploy.0 = Release|Any CPU
		{24B400B3-5D53-4332-B020-ED7AFCEC02BD}.Release|x64.ActiveCfg = Release|x64
		{24B400B3-5D53-4332-B020-ED7AFCEC02BD}.Release|x64.Build.0 = Release|x64
		{24B400B3-5D53-4332-B020-ED7AFCEC02BD}.Release|x64.Deploy.0 = Release|x64
		{24B400B3-5D53-4332-B020-ED7AFCEC02BD}.Release|x86.ActiveCfg = Release|x86
		{24B400B3-5D53-4332-B020-ED7AFCEC02BD}.Release|x86.Build.0 = Release|x86
		{24B400B3-5D53-4332-B020-ED7AFCEC02BD}.Release|x86.Deploy.0 = Release|x86
		{6EC41F77-E270-45CC-85CD-3D60F5BCAA3A}.Ad-Hoc|Any CPU.ActiveCfg = Release|Any CPU
		{6EC41F77-E270-45CC-85CD-3D60F5BCAA3A}.Ad-Hoc|Any CPU.Build.0 = Release|Any CPU
		{6EC41F77-E270-45CC-85CD-3D60F5BCAA3A}.Ad-Hoc|ARM.ActiveCfg = Release|Any CPU
		{6EC41F77-E270-45CC-85CD-3D60F5BCAA3A}.Ad-Hoc|ARM.Build.0 = Release|Any CPU
		{6EC41F77-E270-45CC-85CD-3D60F5BCAA3A}.Ad-Hoc|iPhone.ActiveCfg = Release|Any CPU
		{6EC41F77-E270-45CC-85CD-3D60F5BCAA3A}.Ad-Hoc|iPhone.Build.0 = Release|Any CPU
		{6EC41F77-E270-45CC-85CD-3D60F5BCAA3A}.Ad-Hoc|iPhoneSimulator.ActiveCfg = Release|Any CPU
		{6EC41F77-E270-45CC-85CD-3D60F5BCAA3A}.Ad-Hoc|iPhoneSimulator.Build.0 = Release|Any CPU
		{6EC41F77-E270-45CC-85CD-3D60F5BCAA3A}.Ad-Hoc|x64.ActiveCfg = Release|Any CPU
		{6EC41F77-E270-45CC-85CD-3D60F5BCAA3A}.Ad-Hoc|x64.Build.0 = Release|Any CPU
		{6EC41F77-E270-45CC-85CD-3D60F5BCAA3A}.Ad-Hoc|x86.ActiveCfg = Release|Any CPU
		{6EC41F77-E270-45CC-85CD-3D60F5BCAA3A}.Ad-Hoc|x86.Build.0 = Release|Any CPU
		{6EC41F77-E270-45CC-85CD-3D60F5BCAA3A}.AppStore|Any CPU.ActiveCfg = Release|Any CPU
		{6EC41F77-E270-45CC-85CD-3D60F5BCAA3A}.AppStore|Any CPU.Build.0 = Release|Any CPU
		{6EC41F77-E270-45CC-85CD-3D60F5BCAA3A}.AppStore|ARM.ActiveCfg = Release|Any CPU
		{6EC41F77-E270-45CC-85CD-3D60F5BCAA3A}.AppStore|ARM.Build.0 = Release|Any CPU
		{6EC41F77-E270-45CC-85CD-3D60F5BCAA3A}.AppStore|iPhone.ActiveCfg = Release|Any CPU
		{6EC41F77-E270-45CC-85CD-3D60F5BCAA3A}.AppStore|iPhone.Build.0 = Release|Any CPU
		{6EC41F77-E270-45CC-85CD-3D60F5BCAA3A}.AppStore|iPhoneSimulator.ActiveCfg = Release|Any CPU
		{6EC41F77-E270-45CC-85CD-3D60F5BCAA3A}.AppStore|iPhoneSimulator.Build.0 = Release|Any CPU
		{6EC41F77-E270-45CC-85CD-3D60F5BCAA3A}.AppStore|x64.ActiveCfg = Release|Any CPU
		{6EC41F77-E270-45CC-85CD-3D60F5BCAA3A}.AppStore|x64.Build.0 = Release|Any CPU
		{6EC41F77-E270-45CC-85CD-3D60F5BCAA3A}.AppStore|x86.ActiveCfg = Release|Any CPU
		{6EC41F77-E270-45CC-85CD-3D60F5BCAA3A}.AppStore|x86.Build.0 = Release|Any CPU
		{6EC41F77-E270-45CC-85CD-3D60F5BCAA3A}.Debug|Any CPU.ActiveCfg = Debug|Any CPU
		{6EC41F77-E270-45CC-85CD-3D60F5BCAA3A}.Debug|Any CPU.Build.0 = Debug|Any CPU
		{6EC41F77-E270-45CC-85CD-3D60F5BCAA3A}.Debug|ARM.ActiveCfg = Debug|Any CPU
		{6EC41F77-E270-45CC-85CD-3D60F5BCAA3A}.Debug|ARM.Build.0 = Debug|Any CPU
		{6EC41F77-E270-45CC-85CD-3D60F5BCAA3A}.Debug|iPhone.ActiveCfg = Debug|Any CPU
		{6EC41F77-E270-45CC-85CD-3D60F5BCAA3A}.Debug|iPhone.Build.0 = Debug|Any CPU
		{6EC41F77-E270-45CC-85CD-3D60F5BCAA3A}.Debug|iPhoneSimulator.ActiveCfg = Debug|Any CPU
		{6EC41F77-E270-45CC-85CD-3D60F5BCAA3A}.Debug|iPhoneSimulator.Build.0 = Debug|Any CPU
		{6EC41F77-E270-45CC-85CD-3D60F5BCAA3A}.Debug|x64.ActiveCfg = Debug|Any CPU
		{6EC41F77-E270-45CC-85CD-3D60F5BCAA3A}.Debug|x64.Build.0 = Debug|Any CPU
		{6EC41F77-E270-45CC-85CD-3D60F5BCAA3A}.Debug|x86.ActiveCfg = Debug|Any CPU
		{6EC41F77-E270-45CC-85CD-3D60F5BCAA3A}.Debug|x86.Build.0 = Debug|Any CPU
		{6EC41F77-E270-45CC-85CD-3D60F5BCAA3A}.Release|Any CPU.ActiveCfg = Release|Any CPU
		{6EC41F77-E270-45CC-85CD-3D60F5BCAA3A}.Release|Any CPU.Build.0 = Release|Any CPU
		{6EC41F77-E270-45CC-85CD-3D60F5BCAA3A}.Release|ARM.ActiveCfg = Release|Any CPU
		{6EC41F77-E270-45CC-85CD-3D60F5BCAA3A}.Release|ARM.Build.0 = Release|Any CPU
		{6EC41F77-E270-45CC-85CD-3D60F5BCAA3A}.Release|iPhone.ActiveCfg = Release|Any CPU
		{6EC41F77-E270-45CC-85CD-3D60F5BCAA3A}.Release|iPhone.Build.0 = Release|Any CPU
		{6EC41F77-E270-45CC-85CD-3D60F5BCAA3A}.Release|iPhoneSimulator.ActiveCfg = Release|Any CPU
		{6EC41F77-E270-45CC-85CD-3D60F5BCAA3A}.Release|iPhoneSimulator.Build.0 = Release|Any CPU
		{6EC41F77-E270-45CC-85CD-3D60F5BCAA3A}.Release|x64.ActiveCfg = Release|Any CPU
		{6EC41F77-E270-45CC-85CD-3D60F5BCAA3A}.Release|x64.Build.0 = Release|Any CPU
		{6EC41F77-E270-45CC-85CD-3D60F5BCAA3A}.Release|x86.ActiveCfg = Release|Any CPU
		{6EC41F77-E270-45CC-85CD-3D60F5BCAA3A}.Release|x86.Build.0 = Release|Any CPU
	EndGlobalSection
	GlobalSection(SolutionProperties) = preSolution
		HideSolutionNode = FALSE
	EndGlobalSection
EndGlobal
